
Microsoft Visual Studio Solution File, Format Version 12.00
# Visual Studio Version 16
VisualStudioVersion = 16.0.29020.237
MinimumVisualStudioVersion = 10.0.40219.1
Project("{FAE04EC0-301F-11D3-BF4B-00C04F79EFBC}") = "DeviceDice", "DeviceDice\DeviceDice.csproj", "{E758DB3B-565D-4AE1-88CA-759794F51C4B}"
EndProject
Global
	GlobalSection(SolutionConfigurationPlatforms) = preSolution
		Debug|Any CPU = Debug|Any CPU
		Release|Any CPU = Release|Any CPU
	EndGlobalSection
	GlobalSection(ProjectConfigurationPlatforms) = postSolution
		{E758DB3B-565D-4AE1-88CA-759794F51C4B}.Debug|Any CPU.ActiveCfg = Debug|Any CPU
		{E758DB3B-565D-4AE1-88CA-759794F51C4B}.Debug|Any CPU.Build.0 = Debug|Any CPU
		{E758DB3B-565D-4AE1-88CA-759794F51C4B}.Release|Any CPU.ActiveCfg = Release|Any CPU
		{E758DB3B-565D-4AE1-88CA-759794F51C4B}.Release|Any CPU.Build.0 = Release|Any CPU
	EndGlobalSection
	GlobalSection(SolutionProperties) = preSolution
		HideSolutionNode = FALSE
	EndGlobalSection
	GlobalSection(ExtensibilityGlobals) = postSolution
		SolutionGuid = {FD6AD679-0C88-43ED-8BB0-CC07CD1D490F}
	EndGlobalSection
EndGlobal
